
Microsoft Visual Studio Solution File, Format Version 12.00
# Visual Studio 15
Project("{FAE04EC0-301F-11D3-BF4B-00C04F79EFBC}") = "Assembly-CSharp", "Assembly-CSharp.csproj", "{6F1D2D6F-D0CB-B19A-0DF6-41F2F515DDBB}"
EndProject
Global
	GlobalSection(SolutionConfigurationPlatforms) = preSolution
		Debug|Any CPU = Debug|Any CPU
		Release|Any CPU = Release|Any CPU
	EndGlobalSection
	GlobalSection(ProjectConfigurationPlatforms) = postSolution
		{6F1D2D6F-D0CB-B19A-0DF6-41F2F515DDBB}.Debug|Any CPU.ActiveCfg = Debug|Any CPU
		{6F1D2D6F-D0CB-B19A-0DF6-41F2F515DDBB}.Debug|Any CPU.Build.0 = Debug|Any CPU
		{6F1D2D6F-D0CB-B19A-0DF6-41F2F515DDBB}.Release|Any CPU.ActiveCfg = Release|Any CPU
		{6F1D2D6F-D0CB-B19A-0DF6-41F2F515DDBB}.Release|Any CPU.Build.0 = Release|Any CPU
	EndGlobalSection
	GlobalSection(SolutionProperties) = preSolution
		HideSolutionNode = FALSE
	EndGlobalSection
EndGlobal
